<?xml version="1.0" encoding="utf-8"?>
<Project ToolsVersion="4.0" xmlns="http://schemas.microsoft.com/developer/msbuild/2003">
  <ItemGroup>
    <ClCompile Include="LevyRnd.cpp">
      <Filter>Quelldateien</Filter>
    </ClCompile>
    <ClCompile Include="SimpleNest.cpp">
      <Filter>Quelldateien</Filter>
    </ClCompile>
    <ClCompile Include="stdafx.cpp">
      <Filter>Quelldateien</Filter>
    </ClCompile>
    <ClCompile Include="TestImprovedCuckooSearch.cpp">
      <Filter>Quelldateien</Filter>
    </ClCompile>
    <ClCompile Include="tinyxml2.cpp">
      <Filter>Quelldateien</Filter>
    </ClCompile>
    <ClCompile Include="TspNest.cpp">
      <Filter>Quelldateien</Filter>
    </ClCompile>
  </ItemGroup>
  <ItemGroup>
    <ClInclude Include="LevyRnd.h">
      <Filter>Headerdateien</Filter>
    </ClInclude>
    <ClInclude Include="NestTemplate.h">
      <Filter>Headerdateien</Filter>
    </ClInclude>
    <ClInclude Include="SimpleNest.h">
      <Filter>Headerdateien</Filter>
    </ClInclude>
    <ClInclude Include="stdafx.h">
      <Filter>Headerdateien</Filter>
    </ClInclude>
    <ClInclude Include="targetver.h">
      <Filter>Headerdateien</Filter>
    </ClInclude>
    <ClInclude Include="tinyxml2.h">
      <Filter>Headerdateien</Filter>
    </ClInclude>
    <ClInclude Include="TspNest.h">
      <Filter>Headerdateien</Filter>
    </ClInclude>
    <ClInclude Include="ImprovedCuckooSearch.h">
      <Filter>Headerdateien</Filter>
    </ClInclude>
  </ItemGroup>
  <ItemGroup>
    <None Include="ClassDiagram.cd" />
  </ItemGroup>
  <ItemGroup>
    <Filter Include="Headerdateien">
      <UniqueIdentifier>{966450d9-8388-49a9-861d-1e6c8b82eb28}</UniqueIdentifier>
    </Filter>
    <Filter Include="Quelldateien">
      <UniqueIdentifier>{0632351c-06d2-4b09-a521-1fa46962b6c6}</UniqueIdentifier>
    </Filter>
  </ItemGroup>
</Project>